
Microsoft Visual Studio Solution File, Format Version 12.00
Project("{2150E333-8FDC-42A3-9474-1A3956D46DE8}") = "Solution Items", "Solution Items", "{B696875F-E32C-4227-920E-4AFD03B7A5FC}"
	ProjectSection(SolutionItems) = preProject
		README.md = README.md
		.gitignore = .gitignore
		.github\workflows\dotnet.yml = .github\workflows\dotnet.yml
		.github\workflows\dotnet-release.yml = .github\workflows\dotnet-release.yml
	EndProjectSection
EndProject
Project("{FAE04EC0-301F-11D3-BF4B-00C04F79EFBC}") = "BookmarkSync.CLI", "BookmarkSync.CLI\BookmarkSync.CLI.csproj", "{696935C2-0383-4409-A2B4-B80A8C905DD2}"
EndProject
Project("{FAE04EC0-301F-11D3-BF4B-00C04F79EFBC}") = "BookmarkSync.Core", "BookmarkSync.Core\BookmarkSync.Core.csproj", "{0391DE45-C449-4AEF-93A6-808261868807}"
EndProject
Project("{FAE04EC0-301F-11D3-BF4B-00C04F79EFBC}") = "BookmarkSync.Infrastructure", "BookmarkSync.Infrastructure\BookmarkSync.Infrastructure.csproj", "{D11BD068-7AD0-4C9D-85A0-BD04A67AA7FC}"
EndProject
Project("{FAE04EC0-301F-11D3-BF4B-00C04F79EFBC}") = "BookmarkSync.Core.Tests", "BookmarkSync.Core.Tests\BookmarkSync.Core.Tests.csproj", "{9B28E255-C1D4-43A6-861A-DD1752F31A0E}"
EndProject
Project("{FAE04EC0-301F-11D3-BF4B-00C04F79EFBC}") = "BookmarkSync.Infrastructure.Tests", "BookmarkSync.Infrastructure.Tests\BookmarkSync.Infrastructure.Tests.csproj", "{DA6C5B23-C780-479D-8D14-20307A5A91D8}"
EndProject
Project("{2150E333-8FDC-42A3-9474-1A3956D46DE8}") = "Source", "Source", "{5EDB0DD2-A23F-410E-9355-B1521E273FF3}"
EndProject
Project("{2150E333-8FDC-42A3-9474-1A3956D46DE8}") = "Tests", "Tests", "{737ABEA3-2510-4E53-9B5A-A258BE2AF721}"
EndProject
Global
	GlobalSection(SolutionConfigurationPlatforms) = preSolution
		Debug|Any CPU = Debug|Any CPU
		Release|Any CPU = Release|Any CPU
	EndGlobalSection
	GlobalSection(ProjectConfigurationPlatforms) = postSolution
		{696935C2-0383-4409-A2B4-B80A8C905DD2}.Debug|Any CPU.ActiveCfg = Debug|Any CPU
		{696935C2-0383-4409-A2B4-B80A8C905DD2}.Debug|Any CPU.Build.0 = Debug|Any CPU
		{696935C2-0383-4409-A2B4-B80A8C905DD2}.Release|Any CPU.ActiveCfg = Release|Any CPU
		{696935C2-0383-4409-A2B4-B80A8C905DD2}.Release|Any CPU.Build.0 = Release|Any CPU
		{0391DE45-C449-4AEF-93A6-808261868807}.Debug|Any CPU.ActiveCfg = Debug|Any CPU
		{0391DE45-C449-4AEF-93A6-808261868807}.Debug|Any CPU.Build.0 = Debug|Any CPU
		{0391DE45-C449-4AEF-93A6-808261868807}.Release|Any CPU.ActiveCfg = Release|Any CPU
		{0391DE45-C449-4AEF-93A6-808261868807}.Release|Any CPU.Build.0 = Release|Any CPU
		{D11BD068-7AD0-4C9D-85A0-BD04A67AA7FC}.Debug|Any CPU.ActiveCfg = Debug|Any CPU
		{D11BD068-7AD0-4C9D-85A0-BD04A67AA7FC}.Debug|Any CPU.Build.0 = Debug|Any CPU
		{D11BD068-7AD0-4C9D-85A0-BD04A67AA7FC}.Release|Any CPU.ActiveCfg = Release|Any CPU
		{D11BD068-7AD0-4C9D-85A0-BD04A67AA7FC}.Release|Any CPU.Build.0 = Release|Any CPU
		{9B28E255-C1D4-43A6-861A-DD1752F31A0E}.Debug|Any CPU.ActiveCfg = Debug|Any CPU
		{9B28E255-C1D4-43A6-861A-DD1752F31A0E}.Debug|Any CPU.Build.0 = Debug|Any CPU
		{9B28E255-C1D4-43A6-861A-DD1752F31A0E}.Release|Any CPU.ActiveCfg = Release|Any CPU
		{9B28E255-C1D4-43A6-861A-DD1752F31A0E}.Release|Any CPU.Build.0 = Release|Any CPU
		{DA6C5B23-C780-479D-8D14-20307A5A91D8}.Debug|Any CPU.ActiveCfg = Debug|Any CPU
		{DA6C5B23-C780-479D-8D14-20307A5A91D8}.Debug|Any CPU.Build.0 = Debug|Any CPU
		{DA6C5B23-C780-479D-8D14-20307A5A91D8}.Release|Any CPU.ActiveCfg = Release|Any CPU
		{DA6C5B23-C780-479D-8D14-20307A5A91D8}.Release|Any CPU.Build.0 = Release|Any CPU
	EndGlobalSection
	GlobalSection(NestedProjects) = preSolution
		{9B28E255-C1D4-43A6-861A-DD1752F31A0E} = {737ABEA3-2510-4E53-9B5A-A258BE2AF721}
		{DA6C5B23-C780-479D-8D14-20307A5A91D8} = {737ABEA3-2510-4E53-9B5A-A258BE2AF721}
		{696935C2-0383-4409-A2B4-B80A8C905DD2} = {5EDB0DD2-A23F-410E-9355-B1521E273FF3}
		{0391DE45-C449-4AEF-93A6-808261868807} = {5EDB0DD2-A23F-410E-9355-B1521E273FF3}
		{D11BD068-7AD0-4C9D-85A0-BD04A67AA7FC} = {5EDB0DD2-A23F-410E-9355-B1521E273FF3}
	EndGlobalSection
EndGlobal
