
Microsoft Visual Studio Solution File, Format Version 12.00
Project("{2150E333-8FDC-42A3-9474-1A3956D46DE8}") = "Solution Items", "Solution Items", "{B696875F-E32C-4227-920E-4AFD03B7A5FC}"
	ProjectSection(SolutionItems) = preProject
		README.md = README.md
		.gitignore = .gitignore
		.github\workflows\dotnet.yml = .github\workflows\dotnet.yml
		.github\workflows\dotnet-release.yml = .github\workflows\dotnet-release.yml
		.github\dependabot.yml = .github\dependabot.yml
	EndProjectSection
EndProject
Project("{2150E333-8FDC-42A3-9474-1A3956D46DE8}") = "src", "src", "{5EDB0DD2-A23F-410E-9355-B1521E273FF3}"
EndProject
Project("{2150E333-8FDC-42A3-9474-1A3956D46DE8}") = "tests", "tests", "{737ABEA3-2510-4E53-9B5A-A258BE2AF721}"
EndProject
Project("{FAE04EC0-301F-11D3-BF4B-00C04F79EFBC}") = "BookmarkSync.CLI", "src\BookmarkSync.CLI\BookmarkSync.CLI.csproj", "{E69D1FC7-D3C7-481F-B12F-E3C907014EE0}"
EndProject
Project("{FAE04EC0-301F-11D3-BF4B-00C04F79EFBC}") = "BookmarkSync.Core.Tests", "tests\BookmarkSync.Core.Tests\BookmarkSync.Core.Tests.csproj", "{18CE5B2E-8DED-4B09-87D8-9DB28CA5C16D}"
EndProject
Project("{FAE04EC0-301F-11D3-BF4B-00C04F79EFBC}") = "BookmarkSync.Infrastructure.Tests", "tests\BookmarkSync.Infrastructure.Tests\BookmarkSync.Infrastructure.Tests.csproj", "{97E7C240-93D5-4FCA-AEB8-5A2EA6B42062}"
EndProject
Project("{FAE04EC0-301F-11D3-BF4B-00C04F79EFBC}") = "BookmarkSync.Core", "src\BookmarkSync.Core\BookmarkSync.Core.csproj", "{857B7598-D226-40F7-807E-D11553DC1FED}"
EndProject
Project("{FAE04EC0-301F-11D3-BF4B-00C04F79EFBC}") = "BookmarkSync.Infrastructure", "src\BookmarkSync.Infrastructure\BookmarkSync.Infrastructure.csproj", "{C328709A-9063-438D-85B8-909CF14329F0}"
EndProject
Global
	GlobalSection(SolutionConfigurationPlatforms) = preSolution
		Debug|Any CPU = Debug|Any CPU
		Release|Any CPU = Release|Any CPU
	EndGlobalSection
	GlobalSection(ProjectConfigurationPlatforms) = postSolution
		{E69D1FC7-D3C7-481F-B12F-E3C907014EE0}.Debug|Any CPU.ActiveCfg = Debug|Any CPU
		{E69D1FC7-D3C7-481F-B12F-E3C907014EE0}.Debug|Any CPU.Build.0 = Debug|Any CPU
		{E69D1FC7-D3C7-481F-B12F-E3C907014EE0}.Release|Any CPU.ActiveCfg = Release|Any CPU
		{E69D1FC7-D3C7-481F-B12F-E3C907014EE0}.Release|Any CPU.Build.0 = Release|Any CPU
		{18CE5B2E-8DED-4B09-87D8-9DB28CA5C16D}.Debug|Any CPU.ActiveCfg = Debug|Any CPU
		{18CE5B2E-8DED-4B09-87D8-9DB28CA5C16D}.Debug|Any CPU.Build.0 = Debug|Any CPU
		{18CE5B2E-8DED-4B09-87D8-9DB28CA5C16D}.Release|Any CPU.ActiveCfg = Release|Any CPU
		{18CE5B2E-8DED-4B09-87D8-9DB28CA5C16D}.Release|Any CPU.Build.0 = Release|Any CPU
		{97E7C240-93D5-4FCA-AEB8-5A2EA6B42062}.Debug|Any CPU.ActiveCfg = Debug|Any CPU
		{97E7C240-93D5-4FCA-AEB8-5A2EA6B42062}.Debug|Any CPU.Build.0 = Debug|Any CPU
		{97E7C240-93D5-4FCA-AEB8-5A2EA6B42062}.Release|Any CPU.ActiveCfg = Release|Any CPU
		{97E7C240-93D5-4FCA-AEB8-5A2EA6B42062}.Release|Any CPU.Build.0 = Release|Any CPU
		{857B7598-D226-40F7-807E-D11553DC1FED}.Debug|Any CPU.ActiveCfg = Debug|Any CPU
		{857B7598-D226-40F7-807E-D11553DC1FED}.Debug|Any CPU.Build.0 = Debug|Any CPU
		{857B7598-D226-40F7-807E-D11553DC1FED}.Release|Any CPU.ActiveCfg = Release|Any CPU
		{857B7598-D226-40F7-807E-D11553DC1FED}.Release|Any CPU.Build.0 = Release|Any CPU
		{C328709A-9063-438D-85B8-909CF14329F0}.Debug|Any CPU.ActiveCfg = Debug|Any CPU
		{C328709A-9063-438D-85B8-909CF14329F0}.Debug|Any CPU.Build.0 = Debug|Any CPU
		{C328709A-9063-438D-85B8-909CF14329F0}.Release|Any CPU.ActiveCfg = Release|Any CPU
		{C328709A-9063-438D-85B8-909CF14329F0}.Release|Any CPU.Build.0 = Release|Any CPU
	EndGlobalSection
	GlobalSection(NestedProjects) = preSolution
		{E69D1FC7-D3C7-481F-B12F-E3C907014EE0} = {5EDB0DD2-A23F-410E-9355-B1521E273FF3}
		{18CE5B2E-8DED-4B09-87D8-9DB28CA5C16D} = {737ABEA3-2510-4E53-9B5A-A258BE2AF721}
		{97E7C240-93D5-4FCA-AEB8-5A2EA6B42062} = {737ABEA3-2510-4E53-9B5A-A258BE2AF721}
		{857B7598-D226-40F7-807E-D11553DC1FED} = {5EDB0DD2-A23F-410E-9355-B1521E273FF3}
		{C328709A-9063-438D-85B8-909CF14329F0} = {5EDB0DD2-A23F-410E-9355-B1521E273FF3}
	EndGlobalSection
EndGlobal
